
Microsoft Visual Studio Solution File, Format Version 12.00
# Visual Studio Version 17
VisualStudioVersion = 17.0.31903.59
MinimumVisualStudioVersion = 10.0.40219.1
Project("{9A19103F-16F7-4668-BE54-9A1E7A4F7556}") = "GenericsPractice", "GenericsPractice\GenericsPractice.csproj", "{F0F27992-2118-4F7C-86FE-DA9987BE8423}"
EndProject
Project("{9A19103F-16F7-4668-BE54-9A1E7A4F7556}") = "GenericsPractice2", "GenericsPractice2\GenericsPractice2.csproj", "{FCA50C0D-5151-4404-9544-CBC01620BE98}"
EndProject
Project("{9A19103F-16F7-4668-BE54-9A1E7A4F7556}") = "YieldReturn", "Studia\YieldReturn.csproj", "{406CE266-CB83-4382-851B-12AD6233CF89}"
EndProject
Project("{9A19103F-16F7-4668-BE54-9A1E7A4F7556}") = "BinaryTree", "BinaryTree\BinaryTree.csproj", "{5F8127F4-48F3-4821-93DF-F1129F7B3E90}"
EndProject
Project("{9A19103F-16F7-4668-BE54-9A1E7A4F7556}") = "Enumerator", "Enumerator\Enumerator.csproj", "{7E8891EB-A568-42D7-B56F-1DC2C95CF354}"
EndProject
Project("{9A19103F-16F7-4668-BE54-9A1E7A4F7556}") = "ExtensionMethods", "ExtensionMethods\ExtensionMethods.csproj", "{55B8DE90-2004-4C89-B612-36220CEBCE8E}"
EndProject
Project("{9A19103F-16F7-4668-BE54-9A1E7A4F7556}") = "AccessModifires", "AccessModifires\AccessModifires.csproj", "{8F6625BD-85AE-4B39-8DB4-B419A79F318D}"
EndProject
Project("{9A19103F-16F7-4668-BE54-9A1E7A4F7556}") = "CodeWars", "CodeWars\CodeWars.csproj", "{2251DBCE-CB1C-4FCB-ABAF-E37CA93FA524}"
EndProject
Project("{9A19103F-16F7-4668-BE54-9A1E7A4F7556}") = "Delegate", "Delegate\Delegate.csproj", "{4CEB76C7-1A91-4A1B-AB08-757326470EE2}"
EndProject
Project("{9A19103F-16F7-4668-BE54-9A1E7A4F7556}") = "Delegate1", "Delegate1\Delegate1.csproj", "{8ADBA712-43D4-4935-9581-7A138E9E719B}"
EndProject
Project("{9A19103F-16F7-4668-BE54-9A1E7A4F7556}") = "Records", "Records\Records.csproj", "{294AAE00-27E2-4472-8A4D-CC590562F46B}"
EndProject
Project("{FAE04EC0-301F-11D3-BF4B-00C04F79EFBC}") = "SortingAlgorythms", "SortingAlgorythms\SortingAlgorythms.csproj", "{81FD54E2-7260-4499-8935-A823EE0E8190}"
EndProject
Global
	GlobalSection(SolutionConfigurationPlatforms) = preSolution
		Debug|Any CPU = Debug|Any CPU
		Release|Any CPU = Release|Any CPU
	EndGlobalSection
	GlobalSection(ProjectConfigurationPlatforms) = postSolution
		{F0F27992-2118-4F7C-86FE-DA9987BE8423}.Debug|Any CPU.ActiveCfg = Debug|Any CPU
		{F0F27992-2118-4F7C-86FE-DA9987BE8423}.Debug|Any CPU.Build.0 = Debug|Any CPU
		{F0F27992-2118-4F7C-86FE-DA9987BE8423}.Release|Any CPU.ActiveCfg = Release|Any CPU
		{F0F27992-2118-4F7C-86FE-DA9987BE8423}.Release|Any CPU.Build.0 = Release|Any CPU
		{FCA50C0D-5151-4404-9544-CBC01620BE98}.Debug|Any CPU.ActiveCfg = Debug|Any CPU
		{FCA50C0D-5151-4404-9544-CBC01620BE98}.Debug|Any CPU.Build.0 = Debug|Any CPU
		{FCA50C0D-5151-4404-9544-CBC01620BE98}.Release|Any CPU.ActiveCfg = Release|Any CPU
		{FCA50C0D-5151-4404-9544-CBC01620BE98}.Release|Any CPU.Build.0 = Release|Any CPU
		{406CE266-CB83-4382-851B-12AD6233CF89}.Debug|Any CPU.ActiveCfg = Debug|Any CPU
		{406CE266-CB83-4382-851B-12AD6233CF89}.Debug|Any CPU.Build.0 = Debug|Any CPU
		{406CE266-CB83-4382-851B-12AD6233CF89}.Release|Any CPU.ActiveCfg = Release|Any CPU
		{406CE266-CB83-4382-851B-12AD6233CF89}.Release|Any CPU.Build.0 = Release|Any CPU
		{5F8127F4-48F3-4821-93DF-F1129F7B3E90}.Debug|Any CPU.ActiveCfg = Debug|Any CPU
		{5F8127F4-48F3-4821-93DF-F1129F7B3E90}.Debug|Any CPU.Build.0 = Debug|Any CPU
		{5F8127F4-48F3-4821-93DF-F1129F7B3E90}.Release|Any CPU.ActiveCfg = Release|Any CPU
		{5F8127F4-48F3-4821-93DF-F1129F7B3E90}.Release|Any CPU.Build.0 = Release|Any CPU
		{7E8891EB-A568-42D7-B56F-1DC2C95CF354}.Debug|Any CPU.ActiveCfg = Debug|Any CPU
		{7E8891EB-A568-42D7-B56F-1DC2C95CF354}.Debug|Any CPU.Build.0 = Debug|Any CPU
		{7E8891EB-A568-42D7-B56F-1DC2C95CF354}.Release|Any CPU.ActiveCfg = Release|Any CPU
		{7E8891EB-A568-42D7-B56F-1DC2C95CF354}.Release|Any CPU.Build.0 = Release|Any CPU
		{55B8DE90-2004-4C89-B612-36220CEBCE8E}.Debug|Any CPU.ActiveCfg = Debug|Any CPU
		{55B8DE90-2004-4C89-B612-36220CEBCE8E}.Debug|Any CPU.Build.0 = Debug|Any CPU
		{55B8DE90-2004-4C89-B612-36220CEBCE8E}.Release|Any CPU.ActiveCfg = Release|Any CPU
		{55B8DE90-2004-4C89-B612-36220CEBCE8E}.Release|Any CPU.Build.0 = Release|Any CPU
		{8F6625BD-85AE-4B39-8DB4-B419A79F318D}.Debug|Any CPU.ActiveCfg = Debug|Any CPU
		{8F6625BD-85AE-4B39-8DB4-B419A79F318D}.Debug|Any CPU.Build.0 = Debug|Any CPU
		{8F6625BD-85AE-4B39-8DB4-B419A79F318D}.Release|Any CPU.ActiveCfg = Release|Any CPU
		{8F6625BD-85AE-4B39-8DB4-B419A79F318D}.Release|Any CPU.Build.0 = Release|Any CPU
		{2251DBCE-CB1C-4FCB-ABAF-E37CA93FA524}.Debug|Any CPU.ActiveCfg = Debug|Any CPU
		{2251DBCE-CB1C-4FCB-ABAF-E37CA93FA524}.Debug|Any CPU.Build.0 = Debug|Any CPU
		{2251DBCE-CB1C-4FCB-ABAF-E37CA93FA524}.Release|Any CPU.ActiveCfg = Release|Any CPU
		{2251DBCE-CB1C-4FCB-ABAF-E37CA93FA524}.Release|Any CPU.Build.0 = Release|Any CPU
		{4CEB76C7-1A91-4A1B-AB08-757326470EE2}.Debug|Any CPU.ActiveCfg = Debug|Any CPU
		{4CEB76C7-1A91-4A1B-AB08-757326470EE2}.Debug|Any CPU.Build.0 = Debug|Any CPU
		{4CEB76C7-1A91-4A1B-AB08-757326470EE2}.Release|Any CPU.ActiveCfg = Release|Any CPU
		{4CEB76C7-1A91-4A1B-AB08-757326470EE2}.Release|Any CPU.Build.0 = Release|Any CPU
		{8ADBA712-43D4-4935-9581-7A138E9E719B}.Debug|Any CPU.ActiveCfg = Debug|Any CPU
		{8ADBA712-43D4-4935-9581-7A138E9E719B}.Debug|Any CPU.Build.0 = Debug|Any CPU
		{8ADBA712-43D4-4935-9581-7A138E9E719B}.Release|Any CPU.ActiveCfg = Release|Any CPU
		{8ADBA712-43D4-4935-9581-7A138E9E719B}.Release|Any CPU.Build.0 = Release|Any CPU
		{294AAE00-27E2-4472-8A4D-CC590562F46B}.Debug|Any CPU.ActiveCfg = Debug|Any CPU
		{294AAE00-27E2-4472-8A4D-CC590562F46B}.Debug|Any CPU.Build.0 = Debug|Any CPU
		{294AAE00-27E2-4472-8A4D-CC590562F46B}.Release|Any CPU.ActiveCfg = Release|Any CPU
		{294AAE00-27E2-4472-8A4D-CC590562F46B}.Release|Any CPU.Build.0 = Release|Any CPU
		{81FD54E2-7260-4499-8935-A823EE0E8190}.Debug|Any CPU.ActiveCfg = Debug|Any CPU
		{81FD54E2-7260-4499-8935-A823EE0E8190}.Debug|Any CPU.Build.0 = Debug|Any CPU
		{81FD54E2-7260-4499-8935-A823EE0E8190}.Release|Any CPU.ActiveCfg = Release|Any CPU
		{81FD54E2-7260-4499-8935-A823EE0E8190}.Release|Any CPU.Build.0 = Release|Any CPU
	EndGlobalSection
	GlobalSection(SolutionProperties) = preSolution
		HideSolutionNode = FALSE
	EndGlobalSection
	GlobalSection(ExtensibilityGlobals) = postSolution
		SolutionGuid = {1513812D-91FE-4E2F-A513-FDF6087BF5B7}
	EndGlobalSection
EndGlobal
